{
  "name": "simple-node-server",
  "version": "1.0.0",
  "lockfileVersion": 1,
  "requires": true,
  "dependencies": {
    "centig": {
      "version": "1.0.8",
      "resolved": "https://registry.npmjs.org/centig/-/centig-1.0.8.tgz",
      "integrity": "sha512-V9+RFtcF0IrfBYxGE1g7vLPnzQOcfBOfJtWHOVduhCTxfOAXhx+UYNdUskOn4PzHrigMosx0IKk/YMOV5+E3sw=="
    }
  }
}
