{
  "name": "simple-node-server",
  "version": "1.0.0",
  "lockfileVersion": 1,
  "requires": true,
  "dependencies": {
    "centig": {
      "version": "1.0.10",
      "resolved": "https://registry.npmjs.org/centig/-/centig-1.0.10.tgz",
      "integrity": "sha512-yhltFBTA4r1yMyOy07/+YOVL8rLTYg5dF9pzPNpWW+XR9m7G222eV4anq0R/bW372+tckY1FY69cOF54ANAJZw=="
    }
  }
}
