{
  "name": "simple-node-server",
  "version": "1.0.0",
  "lockfileVersion": 1,
  "requires": true,
  "dependencies": {
    "centig": {
      "version": "1.1.2",
      "resolved": "https://registry.npmjs.org/centig/-/centig-1.1.2.tgz",
      "integrity": "sha512-FKcCiaIklKtb1vqadFjeTXRcCGI/ZGQK9Vs7TZpRgB29AuefrwqEQg1RY6vCutsNJPlDr54JUp/BiLO+X01f9Q=="
    }
  }
}
